
Microsoft Visual Studio Solution File, Format Version 12.00
# Visual Studio 2015
Project("{FAE04EC0-301F-11D3-BF4B-00C04F79EFBC}") = "Statki", "Statki.csproj", "{E041B585-2E23-22E6-7CB7-1B93942BECC5}"
EndProject
Project("{FAE04EC0-301F-11D3-BF4B-00C04F79EFBC}") = "Statki.Editor", "Statki.Editor.csproj", "{46B77381-6DB2-5F23-1AED-DD26F67A56CE}"
EndProject
Global
	GlobalSection(SolutionConfigurationPlatforms) = preSolution
		Debug|Any CPU = Debug|Any CPU
		Release|Any CPU = Release|Any CPU
	EndGlobalSection
	GlobalSection(ProjectConfigurationPlatforms) = postSolution
		{E041B585-2E23-22E6-7CB7-1B93942BECC5}.Debug|Any CPU.ActiveCfg = Debug|Any CPU
		{E041B585-2E23-22E6-7CB7-1B93942BECC5}.Debug|Any CPU.Build.0 = Debug|Any CPU
		{E041B585-2E23-22E6-7CB7-1B93942BECC5}.Release|Any CPU.ActiveCfg = Release|Any CPU
		{E041B585-2E23-22E6-7CB7-1B93942BECC5}.Release|Any CPU.Build.0 = Release|Any CPU
		{46B77381-6DB2-5F23-1AED-DD26F67A56CE}.Debug|Any CPU.ActiveCfg = Debug|Any CPU
		{46B77381-6DB2-5F23-1AED-DD26F67A56CE}.Debug|Any CPU.Build.0 = Debug|Any CPU
		{46B77381-6DB2-5F23-1AED-DD26F67A56CE}.Release|Any CPU.ActiveCfg = Release|Any CPU
		{46B77381-6DB2-5F23-1AED-DD26F67A56CE}.Release|Any CPU.Build.0 = Release|Any CPU
	EndGlobalSection
	GlobalSection(SolutionProperties) = preSolution
		HideSolutionNode = FALSE
	EndGlobalSection
EndGlobal
